lockfileVersion: '9.0'

settings:
  autoInstallPeers: true
  excludeLinksFromLockfile: false

importers:

  .:
    dependencies:
      '@sentry/node':
        specifier: ^10.38.0
        version: 10.38.0
      '@sentry/profiling-node':
        specifier: ^10.38.0
        version: 10.38.0
      ioredis:
        specifier: ^5.6.1
        version: 5.9.3
    devDependencies:
      tsx:
        specifier: ^4.20.6
        version: 4.21.0
      typescript:
        specifier: ^5
        version: 5.9.3

packages:

  '@apm-js-collab/code-transformer@0.8.2':
    resolution: {integrity: sha512-YRjJjNq5KFSjDUoqu5pFUWrrsvGOxl6c3bu+uMFc9HNNptZ2rNU/TI2nLw4jnhQNtka972Ee2m3uqbvDQtPeCA==}

  '@apm-js-collab/tracing-hooks@0.3.1':
    resolution: {integrity: sha512-Vu1CbmPURlN5fTboVuKMoJjbO5qcq9fA5YXpskx3dXe/zTBvjODFoerw+69rVBlRLrJpwPqSDqEuJDEKIrTldw==}

  '@esbuild/aix-ppc64@0.27.3':
    resolution: {integrity: sha512-9fJMTNFTWZMh5qwrBItuziu834eOCUcEqymSH7pY+zoMVEZg3gcPuBNxH1EvfVYe9h0x/Ptw8KBzv7qxb7l8dg==}
    engines: {node: '>=18'}
    cpu: [ppc64]
    os: [aix]

  '@esbuild/android-arm64@0.27.3':
    resolution: {integrity: sha512-YdghPYUmj/FX2SYKJ0OZxf+iaKgMsKHVPF1MAq/P8WirnSpCStzKJFjOjzsW0QQ7oIAiccHdcqjbHmJxRb/dmg==}
    engines: {node: '>=18'}
    cpu: [arm64]
    os: [android]

  '@esbuild/android-arm@0.27.3':
    resolution: {integrity: sha512-i5D1hPY7GIQmXlXhs2w8AWHhenb00+GxjxRncS2ZM7YNVGNfaMxgzSGuO8o8SJzRc/oZwU2bcScvVERk03QhzA==}
    engines: {node: '>=18'}
    cpu: [arm]
    os: [android]

  '@esbuild/android-x64@0.27.3':
    resolution: {integrity: sha512-IN/0BNTkHtk8lkOM8JWAYFg4ORxBkZQf9zXiEOfERX/CzxW3Vg1ewAhU7QSWQpVIzTW+b8Xy+lGzdYXV6UZObQ==}
    engines: {node: '>=18'}
    cpu: [x64]
    os: [android]

  '@esbuild/darwin-arm64@0.27.3':
    resolution: {integrity: sha512-Re491k7ByTVRy0t3EKWajdLIr0gz2kKKfzafkth4Q8A5n1xTHrkqZgLLjFEHVD+AXdUGgQMq+Godfq45mGpCKg==}
    engines: {node: '>=18'}
    cpu: [arm64]
    os: [darwin]

  '@esbuild/darwin-x64@0.27.3':
    resolution: {integrity: sha512-vHk/hA7/1AckjGzRqi6wbo+jaShzRowYip6rt6q7VYEDX4LEy1pZfDpdxCBnGtl+A5zq8iXDcyuxwtv3hNtHFg==}
    engines: {node: '>=18'}
    cpu: [x64]
    os: [darwin]

  '@esbuild/freebsd-arm64@0.27.3':
    resolution: {integrity: sha512-ipTYM2fjt3kQAYOvo6vcxJx3nBYAzPjgTCk7QEgZG8AUO3ydUhvelmhrbOheMnGOlaSFUoHXB6un+A7q4ygY9w==}
    engines: {node: '>=18'}
    cpu: [arm64]
    os: [freebsd]

  '@esbuild/freebsd-x64@0.27.3':
    resolution: {integrity: sha512-dDk0X87T7mI6U3K9VjWtHOXqwAMJBNN2r7bejDsc+j03SEjtD9HrOl8gVFByeM0aJksoUuUVU9TBaZa2rgj0oA==}
    engines: {node: '>=18'}
    cpu: [x64]
    os: [freebsd]

  '@esbuild/linux-arm64@0.27.3':
    resolution: {integrity: sha512-sZOuFz/xWnZ4KH3YfFrKCf1WyPZHakVzTiqji3WDc0BCl2kBwiJLCXpzLzUBLgmp4veFZdvN5ChW4Eq/8Fc2Fg==}
    engines: {node: '>=18'}
    cpu: [arm64]
    os: [linux]

  '@esbuild/linux-arm@0.27.3':
    resolution: {integrity: sha512-s6nPv2QkSupJwLYyfS+gwdirm0ukyTFNl3KTgZEAiJDd+iHZcbTPPcWCcRYH+WlNbwChgH2QkE9NSlNrMT8Gfw==}
    engines: {node: '>=18'}
    cpu: [arm]
    os: [linux]

  '@esbuild/linux-ia32@0.27.3':
    resolution: {integrity: sha512-yGlQYjdxtLdh0a3jHjuwOrxQjOZYD/C9PfdbgJJF3TIZWnm/tMd/RcNiLngiu4iwcBAOezdnSLAwQDPqTmtTYg==}
    engines: {node: '>=18'}
    cpu: [ia32]
    os: [linux]

  '@esbuild/linux-loong64@0.27.3':
    resolution: {integrity: sha512-WO60Sn8ly3gtzhyjATDgieJNet/KqsDlX5nRC5Y3oTFcS1l0KWba+SEa9Ja1GfDqSF1z6hif/SkpQJbL63cgOA==}
    engines: {node: '>=18'}
    cpu: [loong64]
    os: [linux]

  '@esbuild/linux-mips64el@0.27.3':
    resolution: {integrity: sha512-APsymYA6sGcZ4pD6k+UxbDjOFSvPWyZhjaiPyl/f79xKxwTnrn5QUnXR5prvetuaSMsb4jgeHewIDCIWljrSxw==}
    engines: {node: '>=18'}
    cpu: [mips64el]
    os: [linux]

  '@esbuild/linux-ppc64@0.27.3':
    resolution: {integrity: sha512-eizBnTeBefojtDb9nSh4vvVQ3V9Qf9Df01PfawPcRzJH4gFSgrObw+LveUyDoKU3kxi5+9RJTCWlj4FjYXVPEA==}
    engines: {node: '>=18'}
    cpu: [ppc64]
    os: [linux]

  '@esbuild/linux-riscv64@0.27.3':
    resolution: {integrity: sha512-3Emwh0r5wmfm3ssTWRQSyVhbOHvqegUDRd0WhmXKX2mkHJe1SFCMJhagUleMq+Uci34wLSipf8Lagt4LlpRFWQ==}
    engines: {node: '>=18'}
    cpu: [riscv64]
    os: [linux]

  '@esbuild/linux-s390x@0.27.3':
    resolution: {integrity: sha512-pBHUx9LzXWBc7MFIEEL0yD/ZVtNgLytvx60gES28GcWMqil8ElCYR4kvbV2BDqsHOvVDRrOxGySBM9Fcv744hw==}
    engines: {node: '>=18'}
    cpu: [s390x]
    os: [linux]

  '@esbuild/linux-x64@0.27.3':
    resolution: {integrity: sha512-Czi8yzXUWIQYAtL/2y6vogER8pvcsOsk5cpwL4Gk5nJqH5UZiVByIY8Eorm5R13gq+DQKYg0+JyQoytLQas4dA==}
    engines: {node: '>=18'}
    cpu: [x64]
    os: [linux]

  '@esbuild/netbsd-arm64@0.27.3':
    resolution: {integrity: sha512-sDpk0RgmTCR/5HguIZa9n9u+HVKf40fbEUt+iTzSnCaGvY9kFP0YKBWZtJaraonFnqef5SlJ8/TiPAxzyS+UoA==}
    engines: {node: '>=18'}
    cpu: [arm64]
    os: [netbsd]

  '@esbuild/netbsd-x64@0.27.3':
    resolution: {integrity: sha512-P14lFKJl/DdaE00LItAukUdZO5iqNH7+PjoBm+fLQjtxfcfFE20Xf5CrLsmZdq5LFFZzb5JMZ9grUwvtVYzjiA==}
    engines: {node: '>=18'}
    cpu: [x64]
    os: [netbsd]

  '@esbuild/openbsd-arm64@0.27.3':
    resolution: {integrity: sha512-AIcMP77AvirGbRl/UZFTq5hjXK+2wC7qFRGoHSDrZ5v5b8DK/GYpXW3CPRL53NkvDqb9D+alBiC/dV0Fb7eJcw==}
    engines: {node: '>=18'}
    cpu: [arm64]
    os: [openbsd]

  '@esbuild/openbsd-x64@0.27.3':
    resolution: {integrity: sha512-DnW2sRrBzA+YnE70LKqnM3P+z8vehfJWHXECbwBmH/CU51z6FiqTQTHFenPlHmo3a8UgpLyH3PT+87OViOh1AQ==}
    engines: {node: '>=18'}
    cpu: [x64]
    os: [openbsd]

  '@esbuild/openharmony-arm64@0.27.3':
    resolution: {integrity: sha512-NinAEgr/etERPTsZJ7aEZQvvg/A6IsZG/LgZy+81wON2huV7SrK3e63dU0XhyZP4RKGyTm7aOgmQk0bGp0fy2g==}
    engines: {node: '>=18'}
    cpu: [arm64]
    os: [openharmony]

  '@esbuild/sunos-x64@0.27.3':
    resolution: {integrity: sha512-PanZ+nEz+eWoBJ8/f8HKxTTD172SKwdXebZ0ndd953gt1HRBbhMsaNqjTyYLGLPdoWHy4zLU7bDVJztF5f3BHA==}
    engines: {node: '>=18'}
    cpu: [x64]
    os: [sunos]

  '@esbuild/win32-arm64@0.27.3':
    resolution: {integrity: sha512-B2t59lWWYrbRDw/tjiWOuzSsFh1Y/E95ofKz7rIVYSQkUYBjfSgf6oeYPNWHToFRr2zx52JKApIcAS/D5TUBnA==}
    engines: {node: '>=18'}
    cpu: [arm64]
    os: [win32]

  '@esbuild/win32-ia32@0.27.3':
    resolution: {integrity: sha512-QLKSFeXNS8+tHW7tZpMtjlNb7HKau0QDpwm49u0vUp9y1WOF+PEzkU84y9GqYaAVW8aH8f3GcBck26jh54cX4Q==}
    engines: {node: '>=18'}
    cpu: [ia32]
    os: [win32]

  '@esbuild/win32-x64@0.27.3':
    resolution: {integrity: sha512-4uJGhsxuptu3OcpVAzli+/gWusVGwZZHTlS63hh++ehExkVT8SgiEf7/uC/PclrPPkLhZqGgCTjd0VWLo6xMqA==}
    engines: {node: '>=18'}
    cpu: [x64]
    os: [win32]

  '@ioredis/commands@1.5.0':
    resolution: {integrity: sha512-eUgLqrMf8nJkZxT24JvVRrQya1vZkQh8BBeYNwGDqa5I0VUi8ACx7uFvAaLxintokpTenkK6DASvo/bvNbBGow==}

  '@opentelemetry/api-logs@0.207.0':
    resolution: {integrity: sha512-lAb0jQRVyleQQGiuuvCOTDVspc14nx6XJjP4FspJ1sNARo3Regq4ZZbrc3rN4b1TYSuUCvgH+UXUPug4SLOqEQ==}
    engines: {node: '>=8.0.0'}

  '@opentelemetry/api-logs@0.211.0':
    resolution: {integrity: sha512-swFdZq8MCdmdR22jTVGQDhwqDzcI4M10nhjXkLr1EsIzXgZBqm4ZlmmcWsg3TSNf+3mzgOiqveXmBLZuDi2Lgg==}
    engines: {node: '>=8.0.0'}

  '@opentelemetry/api@1.9.0':
    resolution: {integrity: sha512-3giAOQvZiH5F9bMlMiv8+GSPMeqg0dbaeo58/0SlA9sxSqZhnUtxzX9/2FzyhS9sWQf5S0GJE0AKBrFqjpeYcg==}
    engines: {node: '>=8.0.0'}

  '@opentelemetry/context-async-hooks@2.5.1':
    resolution: {integrity: sha512-MHbu8XxCHcBn6RwvCt2Vpn1WnLMNECfNKYB14LI5XypcgH4IE0/DiVifVR9tAkwPMyLXN8dOoPJfya3IryLQVw==}
    engines: {node: ^18.19.0 || >=20.6.0}
    peerDependencies:
      '@opentelemetry/api': '>=1.0.0 <1.10.0'

  '@opentelemetry/core@2.5.0':
    resolution: {integrity: sha512-ka4H8OM6+DlUhSAZpONu0cPBtPPTQKxbxVzC4CzVx5+K4JnroJVBtDzLAMx4/3CDTJXRvVFhpFjtl4SaiTNoyQ==}
    engines: {node: ^18.19.0 || >=20.6.0}
    peerDependencies:
      '@opentelemetry/api': '>=1.0.0 <1.10.0'

  '@opentelemetry/core@2.5.1':
    resolution: {integrity: sha512-Dwlc+3HAZqpgTYq0MUyZABjFkcrKTePwuiFVLjahGD8cx3enqihmpAmdgNFO1R4m/sIe5afjJrA25Prqy4NXlA==}
    engines: {node: ^18.19.0 || >=20.6.0}
    peerDependencies:
      '@opentelemetry/api': '>=1.0.0 <1.10.0'

  '@opentelemetry/instrumentation-amqplib@0.58.0':
    resolution: {integrity: sha512-fjpQtH18J6GxzUZ+cwNhWUpb71u+DzT7rFkg5pLssDGaEber91Y2WNGdpVpwGivfEluMlNMZumzjEqfg8DeKXQ==}
    engines: {node: ^18.19.0 || >=20.6.0}
    peerDependencies:
      '@opentelemetry/api': ^1.3.0

  '@opentelemetry/instrumentation-connect@0.54.0':
    resolution: {integrity: sha512-43RmbhUhqt3uuPnc16cX6NsxEASEtn8z/cYV8Zpt6EP4p2h9s4FNuJ4Q9BbEQ2C0YlCCB/2crO1ruVz/hWt8fA==}
    engines: {node: ^18.19.0 || >=20.6.0}
    peerDependencies:
      '@opentelemetry/api': ^1.3.0

  '@opentelemetry/instrumentation-dataloader@0.28.0':
    resolution: {integrity: sha512-ExXGBp0sUj8yhm6Znhf9jmuOaGDsYfDES3gswZnKr4MCqoBWQdEFn6EoDdt5u+RdbxQER+t43FoUihEfTSqsjA==}
    engines: {node: ^18.19.0 || >=20.6.0}
    peerDependencies:
      '@opentelemetry/api': ^1.3.0

  '@opentelemetry/instrumentation-express@0.59.0':
    resolution: {integrity: sha512-pMKV/qnHiW/Q6pmbKkxt0eIhuNEtvJ7sUAyee192HErlr+a1Jx+FZ3WjfmzhQL1geewyGEiPGkmjjAgNY8TgDA==}
    engines: {node: ^18.19.0 || >=20.6.0}
    peerDependencies:
      '@opentelemetry/api': ^1.3.0

  '@opentelemetry/instrumentation-fs@0.30.0':
    resolution: {integrity: sha512-n3Cf8YhG7reaj5dncGlRIU7iT40bxPOjsBEA5Bc1a1g6e9Qvb+JFJ7SEiMlPbUw4PBmxE3h40ltE8LZ3zVt6OA==}
    engines: {node: ^18.19.0 || >=20.6.0}
    peerDependencies:
      '@opentelemetry/api': ^1.3.0

  '@opentelemetry/instrumentation-generic-pool@0.54.0':
    resolution: {integrity: sha512-8dXMBzzmEdXfH/wjuRvcJnUFeWzZHUnExkmFJ2uPfa31wmpyBCMxO59yr8f/OXXgSogNgi/uPo9KW9H7LMIZ+g==}
    engines: {node: ^18.19.0 || >=20.6.0}
    peerDependencies:
      '@opentelemetry/api': ^1.3.0

  '@opentelemetry/instrumentation-graphql@0.58.0':
    resolution: {integrity: sha512-+yWVVY7fxOs3j2RixCbvue8vUuJ1inHxN2q1sduqDB0Wnkr4vOzVKRYl/Zy7B31/dcPS72D9lo/kltdOTBM3bQ==}
    engines: {node: ^18.19.0 || >=20.6.0}
    peerDependencies:
      '@opentelemetry/api': ^1.3.0

  '@opentelemetry/instrumentation-hapi@0.57.0':
    resolution: {integrity: sha512-Os4THbvls8cTQTVA8ApLfZZztuuqGEeqog0XUnyRW7QVF0d/vOVBEcBCk1pazPFmllXGEdNbbat8e2fYIWdFbw==}
    engines: {node: ^18.19.0 || >=20.6.0}
    peerDependencies:
      '@opentelemetry/api': ^1.3.0

  '@opentelemetry/instrumentation-http@0.211.0':
    resolution: {integrity: sha512-n0IaQ6oVll9PP84SjbOCwDjaJasWRHi6BLsbMLiT6tNj7QbVOkuA5sk/EfZczwI0j5uTKl1awQPivO/ldVtsqA==}
    engines: {node: ^18.19.0 || >=20.6.0}
    peerDependencies:
      '@opentelemetry/api': ^1.3.0

  '@opentelemetry/instrumentation-ioredis@0.59.0':
    resolution: {integrity: sha512-875UxzBHWkW+P4Y45SoFM2AR8f8TzBMD8eO7QXGCyFSCUMP5s9vtt/BS8b/r2kqLyaRPK6mLbdnZznK3XzQWvw==}
    engines: {node: ^18.19.0 || >=20.6.0}
    peerDependencies:
      '@opentelemetry/api': ^1.3.0

  '@opentelemetry/instrumentation-kafkajs@0.20.0':
    resolution: {integrity: sha512-yJXOuWZROzj7WmYCUiyT27tIfqBrVtl1/TwVbQyWPz7rL0r1Lu7kWjD0PiVeTCIL6CrIZ7M2s8eBxsTAOxbNvw==}
    engines: {node: ^18.19.0 || >=20.6.0}
    peerDependencies:
      '@opentelemetry/api': ^1.3.0

  '@opentelemetry/instrumentation-knex@0.55.0':
    resolution: {integrity: sha512-FtTL5DUx5Ka/8VK6P1VwnlUXPa3nrb7REvm5ddLUIeXXq4tb9pKd+/ThB1xM/IjefkRSN3z8a5t7epYw1JLBJQ==}
    engines: {node: ^18.19.0 || >=20.6.0}
    peerDependencies:
      '@opentelemetry/api': ^1.3.0

  '@opentelemetry/instrumentation-koa@0.59.0':
    resolution: {integrity: sha512-K9o2skADV20Skdu5tG2bogPKiSpXh4KxfLjz6FuqIVvDJNibwSdu5UvyyBzRVp1rQMV6UmoIk6d3PyPtJbaGSg==}
    engines: {node: ^18.19.0 || >=20.6.0}
    peerDependencies:
      '@opentelemetry/api': ^1.9.0

  '@opentelemetry/instrumentation-lru-memoizer@0.55.0':
    resolution: {integrity: sha512-FDBfT7yDGcspN0Cxbu/k8A0Pp1Jhv/m7BMTzXGpcb8ENl3tDj/51U65R5lWzUH15GaZA15HQ5A5wtafklxYj7g==}
    engines: {node: ^18.19.0 || >=20.6.0}
    peerDependencies:
      '@opentelemetry/api': ^1.3.0

  '@opentelemetry/instrumentation-mongodb@0.64.0':
    resolution: {integrity: sha512-pFlCJjweTqVp7B220mCvCld1c1eYKZfQt1p3bxSbcReypKLJTwat+wbL2YZoX9jPi5X2O8tTKFEOahO5ehQGsA==}
    engines: {node: ^18.19.0 || >=20.6.0}
    peerDependencies:
      '@opentelemetry/api': ^1.3.0

  '@opentelemetry/instrumentation-mongoose@0.57.0':
    resolution: {integrity: sha512-MthiekrU/BAJc5JZoZeJmo0OTX6ycJMiP6sMOSRTkvz5BrPMYDqaJos0OgsLPL/HpcgHP7eo5pduETuLguOqcg==}
    engines: {node: ^18.19.0 || >=20.6.0}
    peerDependencies:
      '@opentelemetry/api': ^1.3.0

  '@opentelemetry/instrumentation-mysql2@0.57.0':
    resolution: {integrity: sha512-nHSrYAwF7+aV1E1V9yOOP9TchOodb6fjn4gFvdrdQXiRE7cMuffyLLbCZlZd4wsspBzVwOXX8mpURdRserAhNA==}
    engines: {node: ^18.19.0 || >=20.6.0}
    peerDependencies:
      '@opentelemetry/api': ^1.3.0

  '@opentelemetry/instrumentation-mysql@0.57.0':
    resolution: {integrity: sha512-HFS/+FcZ6Q7piM7Il7CzQ4VHhJvGMJWjx7EgCkP5AnTntSN5rb5Xi3TkYJHBKeR27A0QqPlGaCITi93fUDs++Q==}
    engines: {node: ^18.19.0 || >=20.6.0}
    peerDependencies:
      '@opentelemetry/api': ^1.3.0

  '@opentelemetry/instrumentation-pg@0.63.0':
    resolution: {integrity: sha512-dKm/ODNN3GgIQVlbD6ZPxwRc3kleLf95hrRWXM+l8wYo+vSeXtEpQPT53afEf6VFWDVzJK55VGn8KMLtSve/cg==}
    engines: {node: ^18.19.0 || >=20.6.0}
    peerDependencies:
      '@opentelemetry/api': ^1.3.0

  '@opentelemetry/instrumentation-redis@0.59.0':
    resolution: {integrity: sha512-JKv1KDDYA2chJ1PC3pLP+Q9ISMQk6h5ey+99mB57/ARk0vQPGZTTEb4h4/JlcEpy7AYT8HIGv7X6l+br03Neeg==}
    engines: {node: ^18.19.0 || >=20.6.0}
    peerDependencies:
      '@opentelemetry/api': ^1.3.0

  '@opentelemetry/instrumentation-tedious@0.30.0':
    resolution: {integrity: sha512-bZy9Q8jFdycKQ2pAsyuHYUHNmCxCOGdG6eg1Mn75RvQDccq832sU5OWOBnc12EFUELI6icJkhR7+EQKMBam2GA==}
    engines: {node: ^18.19.0 || >=20.6.0}
    peerDependencies:
      '@opentelemetry/api': ^1.3.0

  '@opentelemetry/instrumentation-undici@0.21.0':
    resolution: {integrity: sha512-gok0LPUOTz2FQ1YJMZzaHcOzDFyT64XJ8M9rNkugk923/p6lDGms/cRW1cqgqp6N6qcd6K6YdVHwPEhnx9BWbw==}
    engines: {node: ^18.19.0 || >=20.6.0}
    peerDependencies:
      '@opentelemetry/api': ^1.7.0

  '@opentelemetry/instrumentation@0.207.0':
    resolution: {integrity: sha512-y6eeli9+TLKnznrR8AZlQMSJT7wILpXH+6EYq5Vf/4Ao+huI7EedxQHwRgVUOMLFbe7VFDvHJrX9/f4lcwnJsA==}
    engines: {node: ^18.19.0 || >=20.6.0}
    peerDependencies:
      '@opentelemetry/api': ^1.3.0

  '@opentelemetry/instrumentation@0.211.0':
    resolution: {integrity: sha512-h0nrZEC/zvI994nhg7EgQ8URIHt0uDTwN90r3qQUdZORS455bbx+YebnGeEuFghUT0HlJSrLF4iHw67f+odY+Q==}
    engines: {node: ^18.19.0 || >=20.6.0}
    peerDependencies:
      '@opentelemetry/api': ^1.3.0

  '@opentelemetry/redis-common@0.38.2':
    resolution: {integrity: sha512-1BCcU93iwSRZvDAgwUxC/DV4T/406SkMfxGqu5ojc3AvNI+I9GhV7v0J1HljsczuuhcnFLYqD5VmwVXfCGHzxA==}
    engines: {node: ^18.19.0 || >=20.6.0}

  '@opentelemetry/resources@2.5.1':
    resolution: {integrity: sha512-BViBCdE/GuXRlp9k7nS1w6wJvY5fnFX5XvuEtWsTAOQFIO89Eru7lGW3WbfbxtCuZ/GbrJfAziXG0w0dpxL7eQ==}
    engines: {node: ^18.19.0 || >=20.6.0}
    peerDependencies:
      '@opentelemetry/api': '>=1.3.0 <1.10.0'

  '@opentelemetry/sdk-trace-base@2.5.1':
    resolution: {integrity: sha512-iZH3Gw8cxQn0gjpOjJMmKLd9GIaNh/E3v3ST67vyzLSxHBs14HsG4dy7jMYyC5WXGdBVEcM7U/XTF5hCQxjDMw==}
    engines: {node: ^18.19.0 || >=20.6.0}
    peerDependencies:
      '@opentelemetry/api': '>=1.3.0 <1.10.0'

  '@opentelemetry/semantic-conventions@1.39.0':
    resolution: {integrity: sha512-R5R9tb2AXs2IRLNKLBJDynhkfmx7mX0vi8NkhZb3gUkPWHn6HXk5J8iQ/dql0U3ApfWym4kXXmBDRGO+oeOfjg==}
    engines: {node: '>=14'}

  '@opentelemetry/sql-common@0.41.2':
    resolution: {integrity: sha512-4mhWm3Z8z+i508zQJ7r6Xi7y4mmoJpdvH0fZPFRkWrdp5fq7hhZ2HhYokEOLkfqSMgPR4Z9EyB3DBkbKGOqZiQ==}
    engines: {node: ^18.19.0 || >=20.6.0}
    peerDependencies:
      '@opentelemetry/api': ^1.1.0

  '@prisma/instrumentation@7.2.0':
    resolution: {integrity: sha512-Rh9Z4x5kEj1OdARd7U18AtVrnL6rmLSI0qYShaB4W7Wx5BKbgzndWF+QnuzMb7GLfVdlT5aYCXoPQVYuYtVu0g==}
    peerDependencies:
      '@opentelemetry/api': ^1.8

  '@sentry-internal/node-cpu-profiler@2.2.0':
    resolution: {integrity: sha512-oLHVYurqZfADPh5hvmQYS5qx8t0UZzT2u6+/68VXsFruQEOnYJTODKgU3BVLmemRs3WE6kCJjPeFdHVYOQGSzQ==}
    engines: {node: '>=18'}

  '@sentry/core@10.38.0':
    resolution: {integrity: sha512-1pubWDZE5y5HZEPMAZERP4fVl2NH3Ihp1A+vMoVkb3Qc66Diqj1WierAnStlZP7tCx0TBa0dK85GTW/ZFYyB9g==}
    engines: {node: '>=18'}

  '@sentry/node-core@10.38.0':
    resolution: {integrity: sha512-ErXtpedrY1HghgwM6AliilZPcUCoNNP1NThdO4YpeMq04wMX9/GMmFCu46TnCcg6b7IFIOSr2S4yD086PxLlHQ==}
    engines: {node: '>=18'}
    peerDependencies:
      '@opentelemetry/api': ^1.9.0
      '@opentelemetry/context-async-hooks': ^1.30.1 || ^2.1.0
      '@opentelemetry/core': ^1.30.1 || ^2.1.0
      '@opentelemetry/instrumentation': '>=0.57.1 <1'
      '@opentelemetry/resources': ^1.30.1 || ^2.1.0
      '@opentelemetry/sdk-trace-base': ^1.30.1 || ^2.1.0
      '@opentelemetry/semantic-conventions': ^1.39.0

  '@sentry/node@10.38.0':
    resolution: {integrity: sha512-wriyDtWDAoatn8EhOj0U4PJR1WufiijTsCGALqakOHbFiadtBJANLe6aSkXoXT4tegw59cz1wY4NlzHjYksaPw==}
    engines: {node: '>=18'}

  '@sentry/opentelemetry@10.38.0':
    resolution: {integrity: sha512-YPVhWfYmC7nD3EJqEHGtjp4fp5LwtAbE5rt9egQ4hqJlYFvr8YEz9sdoqSZxO0cZzgs2v97HFl/nmWAXe52G2Q==}
    engines: {node: '>=18'}
    peerDependencies:
      '@opentelemetry/api': ^1.9.0
      '@opentelemetry/context-async-hooks': ^1.30.1 || ^2.1.0
      '@opentelemetry/core': ^1.30.1 || ^2.1.0
      '@opentelemetry/sdk-trace-base': ^1.30.1 || ^2.1.0
      '@opentelemetry/semantic-conventions': ^1.39.0

  '@sentry/profiling-node@10.38.0':
    resolution: {integrity: sha512-XIjVSiPmXfcrKq+UjroehbfNY+l89JWSos3vyvkXEXEwnjDWrjHHv9sUyXHje0rlFOR+Qp1MKn2EySiMa/DZag==}
    engines: {node: '>=18'}
    hasBin: true

  '@types/connect@3.4.38':
    resolution: {integrity: sha512-K6uROf1LD88uDQqJCktA4yzL1YYAK6NgfsI0v/mTgyPKWsX1CnJ0XPSDhViejru1GcRkLWb8RlzFYJRqGUbaug==}

  '@types/mysql@2.15.27':
    resolution: {integrity: sha512-YfWiV16IY0OeBfBCk8+hXKmdTKrKlwKN1MNKAPBu5JYxLwBEZl7QzeEpGnlZb3VMGJrrGmB84gXiH+ofs/TezA==}

  '@types/node@25.2.3':
    resolution: {integrity: sha512-m0jEgYlYz+mDJZ2+F4v8D1AyQb+QzsNqRuI7xg1VQX/KlKS0qT9r1Mo16yo5F/MtifXFgaofIFsdFMox2SxIbQ==}

  '@types/pg-pool@2.0.7':
    resolution: {integrity: sha512-U4CwmGVQcbEuqpyju8/ptOKg6gEC+Tqsvj2xS9o1g71bUh8twxnC6ZL5rZKCsGN0iyH0CwgUyc9VR5owNQF9Ng==}

  '@types/pg@8.15.6':
    resolution: {integrity: sha512-NoaMtzhxOrubeL/7UZuNTrejB4MPAJ0RpxZqXQf2qXuVlTPuG6Y8p4u9dKRaue4yjmC7ZhzVO2/Yyyn25znrPQ==}

  '@types/tedious@4.0.14':
    resolution: {integrity: sha512-KHPsfX/FoVbUGbyYvk1q9MMQHLPeRZhRJZdO45Q4YjvFkv4hMNghCWTvy7rdKessBsmtz4euWCWAB6/tVpI1Iw==}

  acorn-import-attributes@1.9.5:
    resolution: {integrity: sha512-n02Vykv5uA3eHGM/Z2dQrcD56kL8TyDb2p1+0P83PClMnC/nc+anbQRhIOWnSq4Ke/KvDPrY3C9hDtC/A3eHnQ==}
    peerDependencies:
      acorn: ^8

  acorn@8.15.0:
    resolution: {integrity: sha512-NZyJarBfL7nWwIq+FDL6Zp/yHEhePMNnnJ0y3qfieCrmNvYct8uvtiV41UvlSe6apAfk0fY1FbWx+NwfmpvtTg==}
    engines: {node: '>=0.4.0'}
    hasBin: true

  balanced-match@1.0.2:
    resolution: {integrity: sha512-3oSeUO0TMV67hN1AmbXsK4yaqU7tjiHlbxRDZOpH0KW9+CeX4bRAaX0Anxt0tx2MrpRpWwQaPwIlISEJhYU5Pw==}

  brace-expansion@2.0.2:
    resolution: {integrity: sha512-Jt0vHyM+jmUBqojB7E1NIYadt0vI0Qxjxd2TErW94wDz+E2LAm5vKMXXwg6ZZBTHPuUlDgQHKXvjGBdfcF1ZDQ==}

  cjs-module-lexer@2.2.0:
    resolution: {integrity: sha512-4bHTS2YuzUvtoLjdy+98ykbNB5jS0+07EvFNXerqZQJ89F7DI6ET7OQo/HJuW6K0aVsKA9hj9/RVb2kQVOrPDQ==}

  cluster-key-slot@1.1.2:
    resolution: {integrity: sha512-RMr0FhtfXemyinomL4hrWcYJxmX6deFdCxpJzhDttxgO1+bcCnkk+9drydLVDmAMG7NE6aN/fl4F7ucU/90gAA==}
    engines: {node: '>=0.10.0'}

  debug@4.4.3:
    resolution: {integrity: sha512-RGwwWnwQvkVfavKVt22FGLw+xYSdzARwm0ru6DhTVA3umU5hZc28V3kO4stgYryrTlLpuvgI9GiijltAjNbcqA==}
    engines: {node: '>=6.0'}
    peerDependencies:
      supports-color: '*'
    peerDependenciesMeta:
      supports-color:
        optional: true

  denque@2.1.0:
    resolution: {integrity: sha512-HVQE3AAb/pxF8fQAoiqpvg9i3evqug3hoiwakOyZAwJm+6vZehbkYXZ0l4JxS+I3QxM97v5aaRNhj8v5oBhekw==}
    engines: {node: '>=0.10'}

  detect-libc@2.1.2:
    resolution: {integrity: sha512-Btj2BOOO83o3WyH59e8MgXsxEQVcarkUOpEYrubB0urwnN10yQ364rsiByU11nZlqWYZm05i/of7io4mzihBtQ==}
    engines: {node: '>=8'}

  esbuild@0.27.3:
    resolution: {integrity: sha512-8VwMnyGCONIs6cWue2IdpHxHnAjzxnw2Zr7MkVxB2vjmQ2ivqGFb4LEG3SMnv0Gb2F/G/2yA8zUaiL1gywDCCg==}
    engines: {node: '>=18'}
    hasBin: true

  forwarded-parse@2.1.2:
    resolution: {integrity: sha512-alTFZZQDKMporBH77856pXgzhEzaUVmLCDk+egLgIgHst3Tpndzz8MnKe+GzRJRfvVdn69HhpW7cmXzvtLvJAw==}

  fsevents@2.3.3:
    resolution: {integrity: sha512-5xoDfX+fL7faATnagmWPpbFtwh/R77WmMMqqHGS65C3vvB0YHrgF+B1YmZ3441tMj5n63k0212XNoJwzlhffQw==}
    engines: {node: ^8.16.0 || ^10.6.0 || >=11.0.0}
    os: [darwin]

  get-tsconfig@4.13.6:
    resolution: {integrity: sha512-shZT/QMiSHc/YBLxxOkMtgSid5HFoauqCE3/exfsEcwg1WkeqjG+V40yBbBrsD+jW2HDXcs28xOfcbm2jI8Ddw==}

  import-in-the-middle@2.0.6:
    resolution: {integrity: sha512-3vZV3jX0XRFW3EJDTwzWoZa+RH1b8eTTx6YOCjglrLyPuepwoBti1k3L2dKwdCUrnVEfc5CuRuGstaC/uQJJaw==}

  ioredis@5.9.3:
    resolution: {integrity: sha512-VI5tMCdeoxZWU5vjHWsiE/Su76JGhBvWF1MJnV9ZtGltHk9BmD48oDq8Tj8haZ85aceXZMxLNDQZRVo5QKNgXA==}
    engines: {node: '>=12.22.0'}

  lodash.defaults@4.2.0:
    resolution: {integrity: sha512-qjxPLHd3r5DnsdGacqOMU6pb/avJzdh9tFX2ymgoZE27BmjXrNy/y4LoaiTeAb+O3gL8AfpJGtqfX/ae2leYYQ==}

  lodash.isarguments@3.1.0:
    resolution: {integrity: sha512-chi4NHZlZqZD18a0imDHnZPrDeBbTtVN7GXMwuGdRH9qotxAjYs3aVLKc7zNOG9eddR5Ksd8rvFEBc9SsggPpg==}

  minimatch@9.0.5:
    resolution: {integrity: sha512-G6T0ZX48xgozx7587koeX9Ys2NYy6Gmv//P89sEte9V9whIapMNF4idKxnW2QtCcLiTWlb/wfCabAtAFWhhBow==}
    engines: {node: '>=16 || 14 >=14.17'}

  module-details-from-path@1.0.4:
    resolution: {integrity: sha512-EGWKgxALGMgzvxYF1UyGTy0HXX/2vHLkw6+NvDKW2jypWbHpjQuj4UMcqQWXHERJhVGKikolT06G3bcKe4fi7w==}

  ms@2.1.3:
    resolution: {integrity: sha512-6FlzubTLZG3J2a/NVCAleEhjzq5oxgHyaCU9yYXvcLsvoVaHJq/s5xXI6/XXP6tz7R9xAOtHnSO/tXtF3WRTlA==}

  node-abi@3.87.0:
    resolution: {integrity: sha512-+CGM1L1CgmtheLcBuleyYOn7NWPVu0s0EJH2C4puxgEZb9h8QpR9G2dBfZJOAUhi7VQxuBPMd0hiISWcTyiYyQ==}
    engines: {node: '>=10'}

  pg-int8@1.0.1:
    resolution: {integrity: sha512-WCtabS6t3c8SkpDBUlb1kjOs7l66xsGdKpIPZsg4wR+B3+u9UAum2odSsF9tnvxg80h4ZxLWMy4pRjOsFIqQpw==}
    engines: {node: '>=4.0.0'}

  pg-protocol@1.11.0:
    resolution: {integrity: sha512-pfsxk2M9M3BuGgDOfuy37VNRRX3jmKgMjcvAcWqNDpZSf4cUmv8HSOl5ViRQFsfARFn0KuUQTgLxVMbNq5NW3g==}

  pg-types@2.2.0:
    resolution: {integrity: sha512-qTAAlrEsl8s4OiEQY69wDvcMIdQN6wdz5ojQiOy6YRMuynxenON0O5oCpJI6lshc6scgAY8qvJ2On/p+CXY0GA==}
    engines: {node: '>=4'}

  postgres-array@2.0.0:
    resolution: {integrity: sha512-VpZrUqU5A69eQyW2c5CA1jtLecCsN2U/bD6VilrFDWq5+5UIEVO7nazS3TEcHf1zuPYO/sqGvUvW62g86RXZuA==}
    engines: {node: '>=4'}

  postgres-bytea@1.0.1:
    resolution: {integrity: sha512-5+5HqXnsZPE65IJZSMkZtURARZelel2oXUEO8rH83VS/hxH5vv1uHquPg5wZs8yMAfdv971IU+kcPUczi7NVBQ==}
    engines: {node: '>=0.10.0'}

  postgres-date@1.0.7:
    resolution: {integrity: sha512-suDmjLVQg78nMK2UZ454hAG+OAW+HQPZ6n++TNDUX+L0+uUlLywnoxJKDou51Zm+zTCjrCl0Nq6J9C5hP9vK/Q==}
    engines: {node: '>=0.10.0'}

  postgres-interval@1.2.0:
    resolution: {integrity: sha512-9ZhXKM/rw350N1ovuWHbGxnGh/SNJ4cnxHiM0rxE4VN41wsg8P8zWn9hv/buK00RP4WvlOyr/RBDiptyxVbkZQ==}
    engines: {node: '>=0.10.0'}

  redis-errors@1.2.0:
    resolution: {integrity: sha512-1qny3OExCf0UvUV/5wpYKf2YwPcOqXzkwKKSmKHiE6ZMQs5heeE/c8eXK+PNllPvmjgAbfnsbpkGZWy8cBpn9w==}
    engines: {node: '>=4'}

  redis-parser@3.0.0:
    resolution: {integrity: sha512-DJnGAeenTdpMEH6uAJRK/uiyEIH9WVsUmoLwzudwGJUwZPp80PDBWPHXSAGNPwNvIXAbe7MSUB1zQFugFml66A==}
    engines: {node: '>=4'}

  require-in-the-middle@8.0.1:
    resolution: {integrity: sha512-QT7FVMXfWOYFbeRBF6nu+I6tr2Tf3u0q8RIEjNob/heKY/nh7drD/k7eeMFmSQgnTtCzLDcCu/XEnpW2wk4xCQ==}
    engines: {node: '>=9.3.0 || >=8.10.0 <9.0.0'}

  resolve-pkg-maps@1.0.0:
    resolution: {integrity: sha512-seS2Tj26TBVOC2NIc2rOe2y2ZO7efxITtLZcGSOnHHNOQ7CkiUBfw0Iw2ck6xkIhPwLhKNLS8BO+hEpngQlqzw==}

  semver@7.7.4:
    resolution: {integrity: sha512-vFKC2IEtQnVhpT78h1Yp8wzwrf8CM+MzKMHGJZfBtzhZNycRFnXsHk6E5TxIkkMsgNS7mdX3AGB7x2QM2di4lA==}
    engines: {node: '>=10'}
    hasBin: true

  standard-as-callback@2.1.0:
    resolution: {integrity: sha512-qoRRSyROncaz1z0mvYqIE4lCd9p2R90i6GxW3uZv5ucSu8tU7B5HXUP1gG8pVZsYNVaXjk8ClXHPttLyxAL48A==}

  tsx@4.21.0:
    resolution: {integrity: sha512-5C1sg4USs1lfG0GFb2RLXsdpXqBSEhAaA/0kPL01wxzpMqLILNxIxIOKiILz+cdg/pLnOUxFYOR5yhHU666wbw==}
    engines: {node: '>=18.0.0'}
    hasBin: true

  typescript@5.9.3:
    resolution: {integrity: sha512-jl1vZzPDinLr9eUt3J/t7V6FgNEw9QjvBPdysz9KfQDD41fQrC2Y4vKQdiaUpFT4bXlb1RHhLpp8wtm6M5TgSw==}
    engines: {node: '>=14.17'}
    hasBin: true

  undici-types@7.16.0:
    resolution: {integrity: sha512-Zz+aZWSj8LE6zoxD+xrjh4VfkIG8Ya6LvYkZqtUQGJPZjYl53ypCaUwWqo7eI0x66KBGeRo+mlBEkMSeSZ38Nw==}

  xtend@4.0.2:
    resolution: {integrity: sha512-LKYU1iAXJXUgAXn9URjiu+MWhyUXHsvfp7mcuYm9dSUKK0/CjtrUwFAxD82/mCWbtLsGjFIad0wIsod4zrTAEQ==}
    engines: {node: '>=0.4'}

snapshots:

  '@apm-js-collab/code-transformer@0.8.2': {}

  '@apm-js-collab/tracing-hooks@0.3.1':
    dependencies:
      '@apm-js-collab/code-transformer': 0.8.2
      debug: 4.4.3
      module-details-from-path: 1.0.4
    transitivePeerDependencies:
      - supports-color

  '@esbuild/aix-ppc64@0.27.3':
    optional: true

  '@esbuild/android-arm64@0.27.3':
    optional: true

  '@esbuild/android-arm@0.27.3':
    optional: true

  '@esbuild/android-x64@0.27.3':
    optional: true

  '@esbuild/darwin-arm64@0.27.3':
    optional: true

  '@esbuild/darwin-x64@0.27.3':
    optional: true

  '@esbuild/freebsd-arm64@0.27.3':
    optional: true

  '@esbuild/freebsd-x64@0.27.3':
    optional: true

  '@esbuild/linux-arm64@0.27.3':
    optional: true

  '@esbuild/linux-arm@0.27.3':
    optional: true

  '@esbuild/linux-ia32@0.27.3':
    optional: true

  '@esbuild/linux-loong64@0.27.3':
    optional: true

  '@esbuild/linux-mips64el@0.27.3':
    optional: true

  '@esbuild/linux-ppc64@0.27.3':
    optional: true

  '@esbuild/linux-riscv64@0.27.3':
    optional: true

  '@esbuild/linux-s390x@0.27.3':
    optional: true

  '@esbuild/linux-x64@0.27.3':
    optional: true

  '@esbuild/netbsd-arm64@0.27.3':
    optional: true

  '@esbuild/netbsd-x64@0.27.3':
    optional: true

  '@esbuild/openbsd-arm64@0.27.3':
    optional: true

  '@esbuild/openbsd-x64@0.27.3':
    optional: true

  '@esbuild/openharmony-arm64@0.27.3':
    optional: true

  '@esbuild/sunos-x64@0.27.3':
    optional: true

  '@esbuild/win32-arm64@0.27.3':
    optional: true

  '@esbuild/win32-ia32@0.27.3':
    optional: true

  '@esbuild/win32-x64@0.27.3':
    optional: true

  '@ioredis/commands@1.5.0': {}

  '@opentelemetry/api-logs@0.207.0':
    dependencies:
      '@opentelemetry/api': 1.9.0

  '@opentelemetry/api-logs@0.211.0':
    dependencies:
      '@opentelemetry/api': 1.9.0

  '@opentelemetry/api@1.9.0': {}

  '@opentelemetry/context-async-hooks@2.5.1(@opentelemetry/api@1.9.0)':
    dependencies:
      '@opentelemetry/api': 1.9.0

  '@opentelemetry/core@2.5.0(@opentelemetry/api@1.9.0)':
    dependencies:
      '@opentelemetry/api': 1.9.0
      '@opentelemetry/semantic-conventions': 1.39.0

  '@opentelemetry/core@2.5.1(@opentelemetry/api@1.9.0)':
    dependencies:
      '@opentelemetry/api': 1.9.0
      '@opentelemetry/semantic-conventions': 1.39.0

  '@opentelemetry/instrumentation-amqplib@0.58.0(@opentelemetry/api@1.9.0)':
    dependencies:
      '@opentelemetry/api': 1.9.0
      '@opentelemetry/core': 2.5.1(@opentelemetry/api@1.9.0)
      '@opentelemetry/instrumentation': 0.211.0(@opentelemetry/api@1.9.0)
      '@opentelemetry/semantic-conventions': 1.39.0
    transitivePeerDependencies:
      - supports-color

  '@opentelemetry/instrumentation-connect@0.54.0(@opentelemetry/api@1.9.0)':
    dependencies:
      '@opentelemetry/api': 1.9.0
      '@opentelemetry/core': 2.5.1(@opentelemetry/api@1.9.0)
      '@opentelemetry/instrumentation': 0.211.0(@opentelemetry/api@1.9.0)
      '@opentelemetry/semantic-conventions': 1.39.0
      '@types/connect': 3.4.38
    transitivePeerDependencies:
      - supports-color

  '@opentelemetry/instrumentation-dataloader@0.28.0(@opentelemetry/api@1.9.0)':
    dependencies:
      '@opentelemetry/api': 1.9.0
      '@opentelemetry/instrumentation': 0.211.0(@opentelemetry/api@1.9.0)
    transitivePeerDependencies:
      - supports-color

  '@opentelemetry/instrumentation-express@0.59.0(@opentelemetry/api@1.9.0)':
    dependencies:
      '@opentelemetry/api': 1.9.0
      '@opentelemetry/core': 2.5.1(@opentelemetry/api@1.9.0)
      '@opentelemetry/instrumentation': 0.211.0(@opentelemetry/api@1.9.0)
      '@opentelemetry/semantic-conventions': 1.39.0
    transitivePeerDependencies:
      - supports-color

  '@opentelemetry/instrumentation-fs@0.30.0(@opentelemetry/api@1.9.0)':
    dependencies:
      '@opentelemetry/api': 1.9.0
      '@opentelemetry/core': 2.5.1(@opentelemetry/api@1.9.0)
      '@opentelemetry/instrumentation': 0.211.0(@opentelemetry/api@1.9.0)
    transitivePeerDependencies:
      - supports-color

  '@opentelemetry/instrumentation-generic-pool@0.54.0(@opentelemetry/api@1.9.0)':
    dependencies:
      '@opentelemetry/api': 1.9.0
      '@opentelemetry/instrumentation': 0.211.0(@opentelemetry/api@1.9.0)
    transitivePeerDependencies:
      - supports-color

  '@opentelemetry/instrumentation-graphql@0.58.0(@opentelemetry/api@1.9.0)':
    dependencies:
      '@opentelemetry/api': 1.9.0
      '@opentelemetry/instrumentation': 0.211.0(@opentelemetry/api@1.9.0)
    transitivePeerDependencies:
      - supports-color

  '@opentelemetry/instrumentation-hapi@0.57.0(@opentelemetry/api@1.9.0)':
    dependencies:
      '@opentelemetry/api': 1.9.0
      '@opentelemetry/core': 2.5.1(@opentelemetry/api@1.9.0)
      '@opentelemetry/instrumentation': 0.211.0(@opentelemetry/api@1.9.0)
      '@opentelemetry/semantic-conventions': 1.39.0
    transitivePeerDependencies:
      - supports-color

  '@opentelemetry/instrumentation-http@0.211.0(@opentelemetry/api@1.9.0)':
    dependencies:
      '@opentelemetry/api': 1.9.0
      '@opentelemetry/core': 2.5.0(@opentelemetry/api@1.9.0)
      '@opentelemetry/instrumentation': 0.211.0(@opentelemetry/api@1.9.0)
      '@opentelemetry/semantic-conventions': 1.39.0
      forwarded-parse: 2.1.2
    transitivePeerDependencies:
      - supports-color

  '@opentelemetry/instrumentation-ioredis@0.59.0(@opentelemetry/api@1.9.0)':
    dependencies:
      '@opentelemetry/api': 1.9.0
      '@opentelemetry/instrumentation': 0.211.0(@opentelemetry/api@1.9.0)
      '@opentelemetry/redis-common': 0.38.2
      '@opentelemetry/semantic-conventions': 1.39.0
    transitivePeerDependencies:
      - supports-color

  '@opentelemetry/instrumentation-kafkajs@0.20.0(@opentelemetry/api@1.9.0)':
    dependencies:
      '@opentelemetry/api': 1.9.0
      '@opentelemetry/instrumentation': 0.211.0(@opentelemetry/api@1.9.0)
      '@opentelemetry/semantic-conventions': 1.39.0
    transitivePeerDependencies:
      - supports-color

  '@opentelemetry/instrumentation-knex@0.55.0(@opentelemetry/api@1.9.0)':
    dependencies:
      '@opentelemetry/api': 1.9.0
      '@opentelemetry/instrumentation': 0.211.0(@opentelemetry/api@1.9.0)
      '@opentelemetry/semantic-conventions': 1.39.0
    transitivePeerDependencies:
      - supports-color

  '@opentelemetry/instrumentation-koa@0.59.0(@opentelemetry/api@1.9.0)':
    dependencies:
      '@opentelemetry/api': 1.9.0
      '@opentelemetry/core': 2.5.1(@opentelemetry/api@1.9.0)
      '@opentelemetry/instrumentation': 0.211.0(@opentelemetry/api@1.9.0)
      '@opentelemetry/semantic-conventions': 1.39.0
    transitivePeerDependencies:
      - supports-color

  '@opentelemetry/instrumentation-lru-memoizer@0.55.0(@opentelemetry/api@1.9.0)':
    dependencies:
      '@opentelemetry/api': 1.9.0
      '@opentelemetry/instrumentation': 0.211.0(@opentelemetry/api@1.9.0)
    transitivePeerDependencies:
      - supports-color

  '@opentelemetry/instrumentation-mongodb@0.64.0(@opentelemetry/api@1.9.0)':
    dependencies:
      '@opentelemetry/api': 1.9.0
      '@opentelemetry/instrumentation': 0.211.0(@opentelemetry/api@1.9.0)
      '@opentelemetry/semantic-conventions': 1.39.0
    transitivePeerDependencies:
      - supports-color

  '@opentelemetry/instrumentation-mongoose@0.57.0(@opentelemetry/api@1.9.0)':
    dependencies:
      '@opentelemetry/api': 1.9.0
      '@opentelemetry/core': 2.5.1(@opentelemetry/api@1.9.0)
      '@opentelemetry/instrumentation': 0.211.0(@opentelemetry/api@1.9.0)
      '@opentelemetry/semantic-conventions': 1.39.0
    transitivePeerDependencies:
      - supports-color

  '@opentelemetry/instrumentation-mysql2@0.57.0(@opentelemetry/api@1.9.0)':
    dependencies:
      '@opentelemetry/api': 1.9.0
      '@opentelemetry/instrumentation': 0.211.0(@opentelemetry/api@1.9.0)
      '@opentelemetry/semantic-conventions': 1.39.0
      '@opentelemetry/sql-common': 0.41.2(@opentelemetry/api@1.9.0)
    transitivePeerDependencies:
      - supports-color

  '@opentelemetry/instrumentation-mysql@0.57.0(@opentelemetry/api@1.9.0)':
    dependencies:
      '@opentelemetry/api': 1.9.0
      '@opentelemetry/instrumentation': 0.211.0(@opentelemetry/api@1.9.0)
      '@opentelemetry/semantic-conventions': 1.39.0
      '@types/mysql': 2.15.27
    transitivePeerDependencies:
      - supports-color

  '@opentelemetry/instrumentation-pg@0.63.0(@opentelemetry/api@1.9.0)':
    dependencies:
      '@opentelemetry/api': 1.9.0
      '@opentelemetry/core': 2.5.1(@opentelemetry/api@1.9.0)
      '@opentelemetry/instrumentation': 0.211.0(@opentelemetry/api@1.9.0)
      '@opentelemetry/semantic-conventions': 1.39.0
      '@opentelemetry/sql-common': 0.41.2(@opentelemetry/api@1.9.0)
      '@types/pg': 8.15.6
      '@types/pg-pool': 2.0.7
    transitivePeerDependencies:
      - supports-color

  '@opentelemetry/instrumentation-redis@0.59.0(@opentelemetry/api@1.9.0)':
    dependencies:
      '@opentelemetry/api': 1.9.0
      '@opentelemetry/instrumentation': 0.211.0(@opentelemetry/api@1.9.0)
      '@opentelemetry/redis-common': 0.38.2
      '@opentelemetry/semantic-conventions': 1.39.0
    transitivePeerDependencies:
      - supports-color

  '@opentelemetry/instrumentation-tedious@0.30.0(@opentelemetry/api@1.9.0)':
    dependencies:
      '@opentelemetry/api': 1.9.0
      '@opentelemetry/instrumentation': 0.211.0(@opentelemetry/api@1.9.0)
      '@opentelemetry/semantic-conventions': 1.39.0
      '@types/tedious': 4.0.14
    transitivePeerDependencies:
      - supports-color

  '@opentelemetry/instrumentation-undici@0.21.0(@opentelemetry/api@1.9.0)':
    dependencies:
      '@opentelemetry/api': 1.9.0
      '@opentelemetry/core': 2.5.1(@opentelemetry/api@1.9.0)
      '@opentelemetry/instrumentation': 0.211.0(@opentelemetry/api@1.9.0)
      '@opentelemetry/semantic-conventions': 1.39.0
    transitivePeerDependencies:
      - supports-color

  '@opentelemetry/instrumentation@0.207.0(@opentelemetry/api@1.9.0)':
    dependencies:
      '@opentelemetry/api': 1.9.0
      '@opentelemetry/api-logs': 0.207.0
      import-in-the-middle: 2.0.6
      require-in-the-middle: 8.0.1
    transitivePeerDependencies:
      - supports-color

  '@opentelemetry/instrumentation@0.211.0(@opentelemetry/api@1.9.0)':
    dependencies:
      '@opentelemetry/api': 1.9.0
      '@opentelemetry/api-logs': 0.211.0
      import-in-the-middle: 2.0.6
      require-in-the-middle: 8.0.1
    transitivePeerDependencies:
      - supports-color

  '@opentelemetry/redis-common@0.38.2': {}

  '@opentelemetry/resources@2.5.1(@opentelemetry/api@1.9.0)':
    dependencies:
      '@opentelemetry/api': 1.9.0
      '@opentelemetry/core': 2.5.1(@opentelemetry/api@1.9.0)
      '@opentelemetry/semantic-conventions': 1.39.0

  '@opentelemetry/sdk-trace-base@2.5.1(@opentelemetry/api@1.9.0)':
    dependencies:
      '@opentelemetry/api': 1.9.0
      '@opentelemetry/core': 2.5.1(@opentelemetry/api@1.9.0)
      '@opentelemetry/resources': 2.5.1(@opentelemetry/api@1.9.0)
      '@opentelemetry/semantic-conventions': 1.39.0

  '@opentelemetry/semantic-conventions@1.39.0': {}

  '@opentelemetry/sql-common@0.41.2(@opentelemetry/api@1.9.0)':
    dependencies:
      '@opentelemetry/api': 1.9.0
      '@opentelemetry/core': 2.5.1(@opentelemetry/api@1.9.0)

  '@prisma/instrumentation@7.2.0(@opentelemetry/api@1.9.0)':
    dependencies:
      '@opentelemetry/api': 1.9.0
      '@opentelemetry/instrumentation': 0.207.0(@opentelemetry/api@1.9.0)
    transitivePeerDependencies:
      - supports-color

  '@sentry-internal/node-cpu-profiler@2.2.0':
    dependencies:
      detect-libc: 2.1.2
      node-abi: 3.87.0

  '@sentry/core@10.38.0': {}

  '@sentry/node-core@10.38.0(@opentelemetry/api@1.9.0)(@opentelemetry/context-async-hooks@2.5.1(@opentelemetry/api@1.9.0))(@opentelemetry/core@2.5.1(@opentelemetry/api@1.9.0))(@opentelemetry/instrumentation@0.211.0(@opentelemetry/api@1.9.0))(@opentelemetry/resources@2.5.1(@opentelemetry/api@1.9.0))(@opentelemetry/sdk-trace-base@2.5.1(@opentelemetry/api@1.9.0))(@opentelemetry/semantic-conventions@1.39.0)':
    dependencies:
      '@apm-js-collab/tracing-hooks': 0.3.1
      '@opentelemetry/api': 1.9.0
      '@opentelemetry/context-async-hooks': 2.5.1(@opentelemetry/api@1.9.0)
      '@opentelemetry/core': 2.5.1(@opentelemetry/api@1.9.0)
      '@opentelemetry/instrumentation': 0.211.0(@opentelemetry/api@1.9.0)
      '@opentelemetry/resources': 2.5.1(@opentelemetry/api@1.9.0)
      '@opentelemetry/sdk-trace-base': 2.5.1(@opentelemetry/api@1.9.0)
      '@opentelemetry/semantic-conventions': 1.39.0
      '@sentry/core': 10.38.0
      '@sentry/opentelemetry': 10.38.0(@opentelemetry/api@1.9.0)(@opentelemetry/context-async-hooks@2.5.1(@opentelemetry/api@1.9.0))(@opentelemetry/core@2.5.1(@opentelemetry/api@1.9.0))(@opentelemetry/sdk-trace-base@2.5.1(@opentelemetry/api@1.9.0))(@opentelemetry/semantic-conventions@1.39.0)
      import-in-the-middle: 2.0.6
    transitivePeerDependencies:
      - supports-color

  '@sentry/node@10.38.0':
    dependencies:
      '@opentelemetry/api': 1.9.0
      '@opentelemetry/context-async-hooks': 2.5.1(@opentelemetry/api@1.9.0)
      '@opentelemetry/core': 2.5.1(@opentelemetry/api@1.9.0)
      '@opentelemetry/instrumentation': 0.211.0(@opentelemetry/api@1.9.0)
      '@opentelemetry/instrumentation-amqplib': 0.58.0(@opentelemetry/api@1.9.0)
      '@opentelemetry/instrumentation-connect': 0.54.0(@opentelemetry/api@1.9.0)
      '@opentelemetry/instrumentation-dataloader': 0.28.0(@opentelemetry/api@1.9.0)
      '@opentelemetry/instrumentation-express': 0.59.0(@opentelemetry/api@1.9.0)
      '@opentelemetry/instrumentation-fs': 0.30.0(@opentelemetry/api@1.9.0)
      '@opentelemetry/instrumentation-generic-pool': 0.54.0(@opentelemetry/api@1.9.0)
      '@opentelemetry/instrumentation-graphql': 0.58.0(@opentelemetry/api@1.9.0)
      '@opentelemetry/instrumentation-hapi': 0.57.0(@opentelemetry/api@1.9.0)
      '@opentelemetry/instrumentation-http': 0.211.0(@opentelemetry/api@1.9.0)
      '@opentelemetry/instrumentation-ioredis': 0.59.0(@opentelemetry/api@1.9.0)
      '@opentelemetry/instrumentation-kafkajs': 0.20.0(@opentelemetry/api@1.9.0)
      '@opentelemetry/instrumentation-knex': 0.55.0(@opentelemetry/api@1.9.0)
      '@opentelemetry/instrumentation-koa': 0.59.0(@opentelemetry/api@1.9.0)
      '@opentelemetry/instrumentation-lru-memoizer': 0.55.0(@opentelemetry/api@1.9.0)
      '@opentelemetry/instrumentation-mongodb': 0.64.0(@opentelemetry/api@1.9.0)
      '@opentelemetry/instrumentation-mongoose': 0.57.0(@opentelemetry/api@1.9.0)
      '@opentelemetry/instrumentation-mysql': 0.57.0(@opentelemetry/api@1.9.0)
      '@opentelemetry/instrumentation-mysql2': 0.57.0(@opentelemetry/api@1.9.0)
      '@opentelemetry/instrumentation-pg': 0.63.0(@opentelemetry/api@1.9.0)
      '@opentelemetry/instrumentation-redis': 0.59.0(@opentelemetry/api@1.9.0)
      '@opentelemetry/instrumentation-tedious': 0.30.0(@opentelemetry/api@1.9.0)
      '@opentelemetry/instrumentation-undici': 0.21.0(@opentelemetry/api@1.9.0)
      '@opentelemetry/resources': 2.5.1(@opentelemetry/api@1.9.0)
      '@opentelemetry/sdk-trace-base': 2.5.1(@opentelemetry/api@1.9.0)
      '@opentelemetry/semantic-conventions': 1.39.0
      '@prisma/instrumentation': 7.2.0(@opentelemetry/api@1.9.0)
      '@sentry/core': 10.38.0
      '@sentry/node-core': 10.38.0(@opentelemetry/api@1.9.0)(@opentelemetry/context-async-hooks@2.5.1(@opentelemetry/api@1.9.0))(@opentelemetry/core@2.5.1(@opentelemetry/api@1.9.0))(@opentelemetry/instrumentation@0.211.0(@opentelemetry/api@1.9.0))(@opentelemetry/resources@2.5.1(@opentelemetry/api@1.9.0))(@opentelemetry/sdk-trace-base@2.5.1(@opentelemetry/api@1.9.0))(@opentelemetry/semantic-conventions@1.39.0)
      '@sentry/opentelemetry': 10.38.0(@opentelemetry/api@1.9.0)(@opentelemetry/context-async-hooks@2.5.1(@opentelemetry/api@1.9.0))(@opentelemetry/core@2.5.1(@opentelemetry/api@1.9.0))(@opentelemetry/sdk-trace-base@2.5.1(@opentelemetry/api@1.9.0))(@opentelemetry/semantic-conventions@1.39.0)
      import-in-the-middle: 2.0.6
      minimatch: 9.0.5
    transitivePeerDependencies:
      - supports-color

  '@sentry/opentelemetry@10.38.0(@opentelemetry/api@1.9.0)(@opentelemetry/context-async-hooks@2.5.1(@opentelemetry/api@1.9.0))(@opentelemetry/core@2.5.1(@opentelemetry/api@1.9.0))(@opentelemetry/sdk-trace-base@2.5.1(@opentelemetry/api@1.9.0))(@opentelemetry/semantic-conventions@1.39.0)':
    dependencies:
      '@opentelemetry/api': 1.9.0
      '@opentelemetry/context-async-hooks': 2.5.1(@opentelemetry/api@1.9.0)
      '@opentelemetry/core': 2.5.1(@opentelemetry/api@1.9.0)
      '@opentelemetry/sdk-trace-base': 2.5.1(@opentelemetry/api@1.9.0)
      '@opentelemetry/semantic-conventions': 1.39.0
      '@sentry/core': 10.38.0

  '@sentry/profiling-node@10.38.0':
    dependencies:
      '@sentry-internal/node-cpu-profiler': 2.2.0
      '@sentry/core': 10.38.0
      '@sentry/node': 10.38.0
    transitivePeerDependencies:
      - supports-color

  '@types/connect@3.4.38':
    dependencies:
      '@types/node': 25.2.3

  '@types/mysql@2.15.27':
    dependencies:
      '@types/node': 25.2.3

  '@types/node@25.2.3':
    dependencies:
      undici-types: 7.16.0

  '@types/pg-pool@2.0.7':
    dependencies:
      '@types/pg': 8.15.6

  '@types/pg@8.15.6':
    dependencies:
      '@types/node': 25.2.3
      pg-protocol: 1.11.0
      pg-types: 2.2.0

  '@types/tedious@4.0.14':
    dependencies:
      '@types/node': 25.2.3

  acorn-import-attributes@1.9.5(acorn@8.15.0):
    dependencies:
      acorn: 8.15.0

  acorn@8.15.0: {}

  balanced-match@1.0.2: {}

  brace-expansion@2.0.2:
    dependencies:
      balanced-match: 1.0.2

  cjs-module-lexer@2.2.0: {}

  cluster-key-slot@1.1.2: {}

  debug@4.4.3:
    dependencies:
      ms: 2.1.3

  denque@2.1.0: {}

  detect-libc@2.1.2: {}

  esbuild@0.27.3:
    optionalDependencies:
      '@esbuild/aix-ppc64': 0.27.3
      '@esbuild/android-arm': 0.27.3
      '@esbuild/android-arm64': 0.27.3
      '@esbuild/android-x64': 0.27.3
      '@esbuild/darwin-arm64': 0.27.3
      '@esbuild/darwin-x64': 0.27.3
      '@esbuild/freebsd-arm64': 0.27.3
      '@esbuild/freebsd-x64': 0.27.3
      '@esbuild/linux-arm': 0.27.3
      '@esbuild/linux-arm64': 0.27.3
      '@esbuild/linux-ia32': 0.27.3
      '@esbuild/linux-loong64': 0.27.3
      '@esbuild/linux-mips64el': 0.27.3
      '@esbuild/linux-ppc64': 0.27.3
      '@esbuild/linux-riscv64': 0.27.3
      '@esbuild/linux-s390x': 0.27.3
      '@esbuild/linux-x64': 0.27.3
      '@esbuild/netbsd-arm64': 0.27.3
      '@esbuild/netbsd-x64': 0.27.3
      '@esbuild/openbsd-arm64': 0.27.3
      '@esbuild/openbsd-x64': 0.27.3
      '@esbuild/openharmony-arm64': 0.27.3
      '@esbuild/sunos-x64': 0.27.3
      '@esbuild/win32-arm64': 0.27.3
      '@esbuild/win32-ia32': 0.27.3
      '@esbuild/win32-x64': 0.27.3

  forwarded-parse@2.1.2: {}

  fsevents@2.3.3:
    optional: true

  get-tsconfig@4.13.6:
    dependencies:
      resolve-pkg-maps: 1.0.0

  import-in-the-middle@2.0.6:
    dependencies:
      acorn: 8.15.0
      acorn-import-attributes: 1.9.5(acorn@8.15.0)
      cjs-module-lexer: 2.2.0
      module-details-from-path: 1.0.4

  ioredis@5.9.3:
    dependencies:
      '@ioredis/commands': 1.5.0
      cluster-key-slot: 1.1.2
      debug: 4.4.3
      denque: 2.1.0
      lodash.defaults: 4.2.0
      lodash.isarguments: 3.1.0
      redis-errors: 1.2.0
      redis-parser: 3.0.0
      standard-as-callback: 2.1.0
    transitivePeerDependencies:
      - supports-color

  lodash.defaults@4.2.0: {}

  lodash.isarguments@3.1.0: {}

  minimatch@9.0.5:
    dependencies:
      brace-expansion: 2.0.2

  module-details-from-path@1.0.4: {}

  ms@2.1.3: {}

  node-abi@3.87.0:
    dependencies:
      semver: 7.7.4

  pg-int8@1.0.1: {}

  pg-protocol@1.11.0: {}

  pg-types@2.2.0:
    dependencies:
      pg-int8: 1.0.1
      postgres-array: 2.0.0
      postgres-bytea: 1.0.1
      postgres-date: 1.0.7
      postgres-interval: 1.2.0

  postgres-array@2.0.0: {}

  postgres-bytea@1.0.1: {}

  postgres-date@1.0.7: {}

  postgres-interval@1.2.0:
    dependencies:
      xtend: 4.0.2

  redis-errors@1.2.0: {}

  redis-parser@3.0.0:
    dependencies:
      redis-errors: 1.2.0

  require-in-the-middle@8.0.1:
    dependencies:
      debug: 4.4.3
      module-details-from-path: 1.0.4
    transitivePeerDependencies:
      - supports-color

  resolve-pkg-maps@1.0.0: {}

  semver@7.7.4: {}

  standard-as-callback@2.1.0: {}

  tsx@4.21.0:
    dependencies:
      esbuild: 0.27.3
      get-tsconfig: 4.13.6
    optionalDependencies:
      fsevents: 2.3.3

  typescript@5.9.3: {}

  undici-types@7.16.0: {}

  xtend@4.0.2: {}
